<?xml version="1.0" encoding="UTF-8" standalone="yes" ?>
<CodeBlocks_project_file>
	<FileVersion major="1" minor="6" />
	<Project>
		<Option title="ntrack" />
		<Option pch_mode="2" />
		<Option compiler="gcc" />
		<Build>
			<Target title="Debug">
				<Option output="bin/Debug/ntrack" prefix_auto="1" extension_auto="1" />
				<Option object_output="obj/Debug/" />
				<Option type="1" />
				<Option compiler="gcc" />
				<Compiler>
					<Add option="-g" />
				</Compiler>
				<Linker>
					<Add library="Libs\netLib\netLib.a" />
				</Linker>
			</Target>
			<Target title="Release">
				<Option output="bin/Release/ntrack" prefix_auto="1" extension_auto="1" />
				<Option object_output="obj/Release/" />
				<Option type="1" />
				<Option compiler="gcc" />
				<Compiler>
					<Add option="-O2" />
				</Compiler>
				<Linker>
					<Add option="-s" />
				</Linker>
			</Target>
		</Build>
		<Compiler>
			<Add option="-Wall" />
			<Add option="-std=gnu++11" />
			<Add directory="Libs/irrlicht-1.8.4/include" />
			<Add directory="Libs/netLib/include" />
		</Compiler>
		<Linker>
			<Add library="Libs\irrlicht-1.8.4\lib\Win32-gcc\libIrrlicht.a" />
		</Linker>
		<Unit filename="EventReceiver.cpp" />
		<Unit filename="EventReceiver.h" />
		<Unit filename="SettingsManager.cpp" />
		<Unit filename="SettingsManager.h" />
		<Unit filename="main.cpp" />
		<Unit filename="ntrack.cpp" />
		<Unit filename="ntrack.h" />
		<Extensions>
			<code_completion />
			<envvars />
			<debugger />
		</Extensions>
	</Project>
</CodeBlocks_project_file>
